
Microsoft Visual Studio Solution File, Format Version 12.00
# Visual Studio Version 16
VisualStudioVersion = 16.0.28729.10
MinimumVisualStudioVersion = 10.0.40219.1
Project("{9A19103F-16F7-4668-BE54-9A1E7A4F7556}") = "Sharpdev.SDK.DDD", "Sources\Sharpdev\SDK\DDD\Sharpdev.SDK.DDD\Sharpdev.SDK.DDD.csproj", "{949D1B52-1972-4DE0-A60F-1202CEB02087}"
EndProject
Project("{9A19103F-16F7-4668-BE54-9A1E7A4F7556}") = "Sharpdev.SDK.DDD.UnitTest", "Sources\Sharpdev\SDK\DDD\Sharpdev.SDK.DDD.UnitTest\Sharpdev.SDK.DDD.UnitTest.csproj", "{581202AE-9242-4D96-919F-FE95A3F2643F}"
EndProject
Project("{9A19103F-16F7-4668-BE54-9A1E7A4F7556}") = "Sharpdev.SDK.Testing.Mocks", "Sources\Sharpdev\SDK\Testing\Sharpdev.SDK.Testing.Mocks\Sharpdev.SDK.Testing.Mocks.csproj", "{B62E00B1-B1CE-410A-87BD-8E261D20DF08}"
EndProject
Project("{9A19103F-16F7-4668-BE54-9A1E7A4F7556}") = "Prosolve.Services.Identification.Domain", "Sources\Prosolve\MicroServices\Identification\Prosolve.Services.Identification.Domain\Prosolve.Services.Identification.Domain.csproj", "{A18CC3B6-A25C-4140-9E52-93064FF94054}"
EndProject
Project("{9A19103F-16F7-4668-BE54-9A1E7A4F7556}") = "Prosolve.Services.Identification.UnitTest", "Sources\Prosolve\MicroServices\Identification\Prosolve.Services.Identification.UnitTest\Prosolve.Services.Identification.UnitTest.csproj", "{8920289E-7E47-470A-AECD-7BDB2BCDA559}"
EndProject
Project("{FAE04EC0-301F-11D3-BF4B-00C04F79EFBC}") = "Sharpdev.SDK.Testing.Stubs", "Sources\Sharpdev\SDK\Testing\Sharpdev.SDK.Testing.Stubs\Sharpdev.SDK.Testing.Stubs.csproj", "{8E063EE8-90D5-49EE-B5F0-2C639084E576}"
EndProject
Project("{FAE04EC0-301F-11D3-BF4B-00C04F79EFBC}") = "Sharpdev.SDK.Testing", "Sources\Sharpdev\SDK\Testing\Sharpdev.SDK.Testing\Sharpdev.SDK.Testing.csproj", "{CE0EE130-0E3F-415A-9744-AAD0E88F20ED}"
EndProject
Project("{FAE04EC0-301F-11D3-BF4B-00C04F79EFBC}") = "Prosolve.Services.Watcher.Domain", "Sources\Prosolve\MicroServices\Watcher\Prosolve.Services.Watcher.Domain\Prosolve.Services.Watcher.Domain.csproj", "{268C2D19-C5C3-4E3F-BA61-D661180E5E9A}"
EndProject
Project("{FAE04EC0-301F-11D3-BF4B-00C04F79EFBC}") = "Prosolve.Services.Watcher.UnitTest", "Sources\Prosolve\MicroServices\Watcher\Prosolve.Services.Watcher.UnitTest\Prosolve.Services.Watcher.UnitTest.csproj", "{6A98F24A-C14D-4757-A872-D55BCD75FFA8}"
EndProject
Project("{2150E333-8FDC-42A3-9474-1A3956D46DE8}") = "Prosolve", "Prosolve", "{9FA37AD6-C917-427E-91CE-2B61A9234A9B}"
EndProject
Project("{2150E333-8FDC-42A3-9474-1A3956D46DE8}") = "Sharpdev", "Sharpdev", "{F78F6C48-8586-4151-91BE-0DC2AF48009A}"
EndProject
Project("{2150E333-8FDC-42A3-9474-1A3956D46DE8}") = "MicroServices", "MicroServices", "{C62D8828-2BC0-4D7F-8464-0927CF53CE56}"
EndProject
Project("{2150E333-8FDC-42A3-9474-1A3956D46DE8}") = "Identification", "Identification", "{B53B6CF1-780D-40BA-A9F0-2061D6C93FF5}"
EndProject
Project("{2150E333-8FDC-42A3-9474-1A3956D46DE8}") = "Watcher", "Watcher", "{92E57A10-E734-4345-94D9-4DBD65B2EDFA}"
EndProject
Project("{2150E333-8FDC-42A3-9474-1A3956D46DE8}") = "SDK", "SDK", "{593FBDA6-816F-479E-BB89-906C02313337}"
EndProject
Project("{2150E333-8FDC-42A3-9474-1A3956D46DE8}") = "Testing", "Testing", "{DEA71B6D-2018-4411-9420-8396FD81731A}"
EndProject
Project("{2150E333-8FDC-42A3-9474-1A3956D46DE8}") = "Sources", "Sources", "{60F01B73-69D7-43A5-876F-3E448A6CA103}"
EndProject
Project("{2150E333-8FDC-42A3-9474-1A3956D46DE8}") = "Types", "Types", "{BD64056C-4347-4F0A-AD4D-B605695CEF4E}"
EndProject
Project("{FAE04EC0-301F-11D3-BF4B-00C04F79EFBC}") = "Sharpdev.SDK.Types", "Sources\Sharpdev\SDK\Types\Sharpdev.SDK.Types\Sharpdev.SDK.Types.csproj", "{BD4CF39A-6D8D-45EB-AF86-F25B8770B991}"
EndProject
Project("{FAE04EC0-301F-11D3-BF4B-00C04F79EFBC}") = "Sharpdev.SDK.Extensions", "Sources\Sharpdev\SDK\Extensions\Sharpdev.SDK.Extensions\Sharpdev.SDK.Extensions.csproj", "{F7D6F26E-59C8-401A-907A-BE66D05816CE}"
EndProject
Project("{2150E333-8FDC-42A3-9474-1A3956D46DE8}") = "Extensions", "Extensions", "{3A9AF82D-F67B-492E-AF39-6E5063B7AD69}"
EndProject
Project("{2150E333-8FDC-42A3-9474-1A3956D46DE8}") = "DDD", "DDD", "{161FE71D-6A5F-4579-9184-41FAF35D0968}"
EndProject
Project("{FAE04EC0-301F-11D3-BF4B-00C04F79EFBC}") = "Sharpdev.SDK.Extensions.UnitTest", "Sources\Sharpdev\SDK\Extensions\Sharpdev.SDK.Extensions.UnitTest\Sharpdev.SDK.Extensions.UnitTest.csproj", "{F0A297F0-5AAF-42D7-9252-5FDCAF8D47A7}"
EndProject
Project("{2150E333-8FDC-42A3-9474-1A3956D46DE8}") = "DataSources", "DataSources", "{583CD468-4E27-4A84-B6B4-349BFA7BDED6}"
EndProject
Project("{FAE04EC0-301F-11D3-BF4B-00C04F79EFBC}") = "Sharpdev.SDK.DataSources.Databases", "Sources\Sharpdev\SDK\Sharpdev.SDK.DataSources.Databases\Sharpdev.SDK.DataSources.Databases.csproj", "{29D21CBF-5AD0-426D-8B0E-778B02975467}"
EndProject

Global
	GlobalSection(SolutionConfigurationPlatforms) = preSolution
		Debug|Any CPU = Debug|Any CPU
		Release|Any CPU = Release|Any CPU
	EndGlobalSection
	GlobalSection(ProjectConfigurationPlatforms) = postSolution
		{949D1B52-1972-4DE0-A60F-1202CEB02087}.Debug|Any CPU.ActiveCfg = Debug|Any CPU
		{949D1B52-1972-4DE0-A60F-1202CEB02087}.Debug|Any CPU.Build.0 = Debug|Any CPU
		{949D1B52-1972-4DE0-A60F-1202CEB02087}.Release|Any CPU.ActiveCfg = Release|Any CPU
		{949D1B52-1972-4DE0-A60F-1202CEB02087}.Release|Any CPU.Build.0 = Release|Any CPU
		{A18CC3B6-A25C-4140-9E52-93064FF94054}.Debug|Any CPU.ActiveCfg = Debug|Any CPU
		{A18CC3B6-A25C-4140-9E52-93064FF94054}.Debug|Any CPU.Build.0 = Debug|Any CPU
		{A18CC3B6-A25C-4140-9E52-93064FF94054}.Release|Any CPU.ActiveCfg = Release|Any CPU
		{A18CC3B6-A25C-4140-9E52-93064FF94054}.Release|Any CPU.Build.0 = Release|Any CPU
		{8920289E-7E47-470A-AECD-7BDB2BCDA559}.Debug|Any CPU.ActiveCfg = Debug|Any CPU
		{8920289E-7E47-470A-AECD-7BDB2BCDA559}.Debug|Any CPU.Build.0 = Debug|Any CPU
		{8920289E-7E47-470A-AECD-7BDB2BCDA559}.Release|Any CPU.ActiveCfg = Release|Any CPU
		{8920289E-7E47-470A-AECD-7BDB2BCDA559}.Release|Any CPU.Build.0 = Release|Any CPU
		{B62E00B1-B1CE-410A-87BD-8E261D20DF08}.Debug|Any CPU.ActiveCfg = Debug|Any CPU
		{B62E00B1-B1CE-410A-87BD-8E261D20DF08}.Debug|Any CPU.Build.0 = Debug|Any CPU
		{B62E00B1-B1CE-410A-87BD-8E261D20DF08}.Release|Any CPU.ActiveCfg = Release|Any CPU
		{B62E00B1-B1CE-410A-87BD-8E261D20DF08}.Release|Any CPU.Build.0 = Release|Any CPU
		{581202AE-9242-4D96-919F-FE95A3F2643F}.Debug|Any CPU.ActiveCfg = Debug|Any CPU
		{581202AE-9242-4D96-919F-FE95A3F2643F}.Debug|Any CPU.Build.0 = Debug|Any CPU
		{581202AE-9242-4D96-919F-FE95A3F2643F}.Release|Any CPU.ActiveCfg = Release|Any CPU
		{581202AE-9242-4D96-919F-FE95A3F2643F}.Release|Any CPU.Build.0 = Release|Any CPU
		{268C2D19-C5C3-4E3F-BA61-D661180E5E9A}.Debug|Any CPU.ActiveCfg = Debug|Any CPU
		{268C2D19-C5C3-4E3F-BA61-D661180E5E9A}.Debug|Any CPU.Build.0 = Debug|Any CPU
		{268C2D19-C5C3-4E3F-BA61-D661180E5E9A}.Release|Any CPU.ActiveCfg = Release|Any CPU
		{268C2D19-C5C3-4E3F-BA61-D661180E5E9A}.Release|Any CPU.Build.0 = Release|Any CPU
		{6A98F24A-C14D-4757-A872-D55BCD75FFA8}.Debug|Any CPU.ActiveCfg = Debug|Any CPU
		{6A98F24A-C14D-4757-A872-D55BCD75FFA8}.Debug|Any CPU.Build.0 = Debug|Any CPU
		{6A98F24A-C14D-4757-A872-D55BCD75FFA8}.Release|Any CPU.ActiveCfg = Release|Any CPU
		{6A98F24A-C14D-4757-A872-D55BCD75FFA8}.Release|Any CPU.Build.0 = Release|Any CPU
		{8E063EE8-90D5-49EE-B5F0-2C639084E576}.Debug|Any CPU.ActiveCfg = Debug|Any CPU
		{8E063EE8-90D5-49EE-B5F0-2C639084E576}.Debug|Any CPU.Build.0 = Debug|Any CPU
		{8E063EE8-90D5-49EE-B5F0-2C639084E576}.Release|Any CPU.ActiveCfg = Release|Any CPU
		{8E063EE8-90D5-49EE-B5F0-2C639084E576}.Release|Any CPU.Build.0 = Release|Any CPU
		{CE0EE130-0E3F-415A-9744-AAD0E88F20ED}.Debug|Any CPU.ActiveCfg = Debug|Any CPU
		{CE0EE130-0E3F-415A-9744-AAD0E88F20ED}.Debug|Any CPU.Build.0 = Debug|Any CPU
		{CE0EE130-0E3F-415A-9744-AAD0E88F20ED}.Release|Any CPU.ActiveCfg = Release|Any CPU
		{CE0EE130-0E3F-415A-9744-AAD0E88F20ED}.Release|Any CPU.Build.0 = Release|Any CPU
		{BD4CF39A-6D8D-45EB-AF86-F25B8770B991}.Debug|Any CPU.ActiveCfg = Debug|Any CPU
		{BD4CF39A-6D8D-45EB-AF86-F25B8770B991}.Debug|Any CPU.Build.0 = Debug|Any CPU
		{BD4CF39A-6D8D-45EB-AF86-F25B8770B991}.Release|Any CPU.ActiveCfg = Release|Any CPU
		{BD4CF39A-6D8D-45EB-AF86-F25B8770B991}.Release|Any CPU.Build.0 = Release|Any CPU
		{F7D6F26E-59C8-401A-907A-BE66D05816CE}.Debug|Any CPU.ActiveCfg = Debug|Any CPU
		{F7D6F26E-59C8-401A-907A-BE66D05816CE}.Debug|Any CPU.Build.0 = Debug|Any CPU
		{F7D6F26E-59C8-401A-907A-BE66D05816CE}.Release|Any CPU.ActiveCfg = Release|Any CPU
		{F7D6F26E-59C8-401A-907A-BE66D05816CE}.Release|Any CPU.Build.0 = Release|Any CPU
		{F0A297F0-5AAF-42D7-9252-5FDCAF8D47A7}.Debug|Any CPU.ActiveCfg = Debug|Any CPU
		{F0A297F0-5AAF-42D7-9252-5FDCAF8D47A7}.Debug|Any CPU.Build.0 = Debug|Any CPU
		{F0A297F0-5AAF-42D7-9252-5FDCAF8D47A7}.Release|Any CPU.ActiveCfg = Release|Any CPU
		{F0A297F0-5AAF-42D7-9252-5FDCAF8D47A7}.Release|Any CPU.Build.0 = Release|Any CPU
		{29D21CBF-5AD0-426D-8B0E-778B02975467}.Debug|Any CPU.ActiveCfg = Debug|Any CPU
		{29D21CBF-5AD0-426D-8B0E-778B02975467}.Debug|Any CPU.Build.0 = Debug|Any CPU
		{29D21CBF-5AD0-426D-8B0E-778B02975467}.Release|Any CPU.ActiveCfg = Release|Any CPU
		{29D21CBF-5AD0-426D-8B0E-778B02975467}.Release|Any CPU.Build.0 = Release|Any CPU
	EndGlobalSection
	GlobalSection(SolutionProperties) = preSolution
		HideSolutionNode = FALSE
	EndGlobalSection
	GlobalSection(ExtensibilityGlobals) = postSolution
		SolutionGuid = {5DD0CCAF-B54B-4607-8E24-F6643B3BF1D7}
	EndGlobalSection
	GlobalSection(NestedProjects) = preSolution
		{C62D8828-2BC0-4D7F-8464-0927CF53CE56} = {9FA37AD6-C917-427E-91CE-2B61A9234A9B}
		{B53B6CF1-780D-40BA-A9F0-2061D6C93FF5} = {C62D8828-2BC0-4D7F-8464-0927CF53CE56}
		{92E57A10-E734-4345-94D9-4DBD65B2EDFA} = {C62D8828-2BC0-4D7F-8464-0927CF53CE56}
		{268C2D19-C5C3-4E3F-BA61-D661180E5E9A} = {92E57A10-E734-4345-94D9-4DBD65B2EDFA}
		{6A98F24A-C14D-4757-A872-D55BCD75FFA8} = {92E57A10-E734-4345-94D9-4DBD65B2EDFA}
		{A18CC3B6-A25C-4140-9E52-93064FF94054} = {B53B6CF1-780D-40BA-A9F0-2061D6C93FF5}
		{8920289E-7E47-470A-AECD-7BDB2BCDA559} = {B53B6CF1-780D-40BA-A9F0-2061D6C93FF5}
		{593FBDA6-816F-479E-BB89-906C02313337} = {F78F6C48-8586-4151-91BE-0DC2AF48009A}
		{DEA71B6D-2018-4411-9420-8396FD81731A} = {593FBDA6-816F-479E-BB89-906C02313337}
		{B62E00B1-B1CE-410A-87BD-8E261D20DF08} = {DEA71B6D-2018-4411-9420-8396FD81731A}
		{9FA37AD6-C917-427E-91CE-2B61A9234A9B} = {60F01B73-69D7-43A5-876F-3E448A6CA103}
		{F78F6C48-8586-4151-91BE-0DC2AF48009A} = {60F01B73-69D7-43A5-876F-3E448A6CA103}
		{8E063EE8-90D5-49EE-B5F0-2C639084E576} = {DEA71B6D-2018-4411-9420-8396FD81731A}
		{CE0EE130-0E3F-415A-9744-AAD0E88F20ED} = {DEA71B6D-2018-4411-9420-8396FD81731A}
		{BD64056C-4347-4F0A-AD4D-B605695CEF4E} = {593FBDA6-816F-479E-BB89-906C02313337}
		{BD4CF39A-6D8D-45EB-AF86-F25B8770B991} = {BD64056C-4347-4F0A-AD4D-B605695CEF4E}
		{3A9AF82D-F67B-492E-AF39-6E5063B7AD69} = {593FBDA6-816F-479E-BB89-906C02313337}
		{F7D6F26E-59C8-401A-907A-BE66D05816CE} = {3A9AF82D-F67B-492E-AF39-6E5063B7AD69}
		{161FE71D-6A5F-4579-9184-41FAF35D0968} = {593FBDA6-816F-479E-BB89-906C02313337}
		{949D1B52-1972-4DE0-A60F-1202CEB02087} = {161FE71D-6A5F-4579-9184-41FAF35D0968}
		{581202AE-9242-4D96-919F-FE95A3F2643F} = {161FE71D-6A5F-4579-9184-41FAF35D0968}
		{F0A297F0-5AAF-42D7-9252-5FDCAF8D47A7} = {3A9AF82D-F67B-492E-AF39-6E5063B7AD69}
		{583CD468-4E27-4A84-B6B4-349BFA7BDED6} = {593FBDA6-816F-479E-BB89-906C02313337}
		{29D21CBF-5AD0-426D-8B0E-778B02975467} = {583CD468-4E27-4A84-B6B4-349BFA7BDED6}
	EndGlobalSection
EndGlobal
